# This file is automatically @generated by Cargo.
# It is not intended for manual editing.
version = 4

[[package]]
name = "kiv-driver"
version = "0.1.0"

[[package]]
name = "kiv-formatter"
version = "0.1.0"

[[package]]
name = "kiv-lsp"
version = "0.1.0"

[[package]]
name = "kivc"
version = "0.1.0"
